{
  "name": "gd-react-component-creator",
  "version": "1.1.1",
  "lockfileVersion": 1,
  "requires": true,
  "dependencies": {
    "@inquirer/ansi": {
      "version": "2.0.5",
      "resolved": "https://registry.npmjs.org/@inquirer/ansi/-/ansi-2.0.5.tgz",
      "integrity": "sha512-doc2sWgJpbFQ64UflSVd17ibMGDuxO1yKgOgLMwavzESnXjFWJqUeG8saYosqKpHp4kWiM5x1nXvEjbpx90gzw=="
    },
    "@inquirer/checkbox": {
      "version": "5.1.5",
      "resolved": "https://registry.npmjs.org/@inquirer/checkbox/-/checkbox-5.1.5.tgz",
      "integrity": "sha512-Jmf9tgBHIEK5SAOB7swYfStqmtkZb00xOTpSQmkoGEpdxOTpJi9RS0A8bkfDPHTTItZRJrRdZrEMu25wyj0VfQ==",
      "requires": {
        "@inquirer/ansi": "^2.0.5",
        "@inquirer/core": "^11.1.10",
        "@inquirer/figures": "^2.0.5",
        "@inquirer/type": "^4.0.5"
      }
    },
    "@inquirer/confirm": {
      "version": "6.0.13",
      "resolved": "https://registry.npmjs.org/@inquirer/confirm/-/confirm-6.0.13.tgz",
      "integrity": "sha512-wkGPC7yJ5WJk1DJ5SX7fzk+gfj4BM8cf5dDDi71B/551xHrdsZVRJOC0WyikXd0pEsb/9cLniuE4atbsMqmFkw==",
      "requires": {
        "@inquirer/core": "^11.1.10",
        "@inquirer/type": "^4.0.5"
      }
    },
    "@inquirer/core": {
      "version": "11.1.10",
      "resolved": "https://registry.npmjs.org/@inquirer/core/-/core-11.1.10.tgz",
      "integrity": "sha512-a4Q5BXHQAHa9eO202sTaFCHFYVB3x5fauDuThEAdZ9gfn76pSxiKU7wWcEH0N1O0XmQvNfQNU6QXpiRxmYQx+A==",
      "requires": {
        "@inquirer/ansi": "^2.0.5",
        "@inquirer/figures": "^2.0.5",
        "@inquirer/type": "^4.0.5",
        "cli-width": "^4.1.0",
        "fast-wrap-ansi": "^0.2.0",
        "mute-stream": "^3.0.0",
        "signal-exit": "^4.1.0"
      }
    },
    "@inquirer/editor": {
      "version": "5.1.2",
      "resolved": "https://registry.npmjs.org/@inquirer/editor/-/editor-5.1.2.tgz",
      "integrity": "sha512-Y3Nor7S/DhIPo+8Ym/dSY4efwKI4BsflKDwXh0jNeXJsSF3dteS/3Yf+z4wkibVZDvYMyCgknSTQlNahfunGHg==",
      "requires": {
        "@inquirer/core": "^11.1.10",
        "@inquirer/external-editor": "^3.0.0",
        "@inquirer/type": "^4.0.5"
      }
    },
    "@inquirer/expand": {
      "version": "5.0.14",
      "resolved": "https://registry.npmjs.org/@inquirer/expand/-/expand-5.0.14.tgz",
      "integrity": "sha512-qyY9zcIX2eKYwaAUiQo9zORd61Lc3sXeM72fVbeHkYnDkqfr8/armcRbmVAIrExeJhI2puk+uomeKtWrpUVUmQ==",
      "requires": {
        "@inquirer/core": "^11.1.10",
        "@inquirer/type": "^4.0.5"
      }
    },
    "@inquirer/external-editor": {
      "version": "3.0.0",
      "resolved": "https://registry.npmjs.org/@inquirer/external-editor/-/external-editor-3.0.0.tgz",
      "integrity": "sha512-lDSwMgg+M5rq6JKBYaJwSX6T9e/HK2qqZ1oxmOwn4AQoJE5D+7TumsxLGC02PWS//rkIVqbZv3XA3ejsc9FYvg==",
      "requires": {
        "chardet": "^2.1.1",
        "iconv-lite": "^0.7.2"
      }
    },
    "@inquirer/figures": {
      "version": "2.0.5",
      "resolved": "https://registry.npmjs.org/@inquirer/figures/-/figures-2.0.5.tgz",
      "integrity": "sha512-NsSs4kzfm12lNetHwAn3GEuH317IzpwrMCbOuMIVytpjnJ90YYHNwdRgYGuKmVxwuIqSgqk3M5qqQt1cDk0tGQ=="
    },
    "@inquirer/input": {
      "version": "5.0.13",
      "resolved": "https://registry.npmjs.org/@inquirer/input/-/input-5.0.13.tgz",
      "integrity": "sha512-0l0jCHlJnXIV8CTxwQC0C+5Ziq8WP22edWgmciW2xYvoeoSck4v5FvCS1ctKdqLLR0dUo93uAHgWHywgBSoRyw==",
      "requires": {
        "@inquirer/core": "^11.1.10",
        "@inquirer/type": "^4.0.5"
      }
    },
    "@inquirer/number": {
      "version": "4.0.13",
      "resolved": "https://registry.npmjs.org/@inquirer/number/-/number-4.0.13.tgz",
      "integrity": "sha512-WHmkYnnJAou5gx7RgcvAfUggnHNM1zWfoh0dFPl3dxVssuqt+dK5rIbaOYQXNyOegvFnopbKupjnhw2O8gANNg==",
      "requires": {
        "@inquirer/core": "^11.1.10",
        "@inquirer/type": "^4.0.5"
      }
    },
    "@inquirer/password": {
      "version": "5.0.13",
      "resolved": "https://registry.npmjs.org/@inquirer/password/-/password-5.0.13.tgz",
      "integrity": "sha512-XDGu64ROHZjOOXLAANvJN7iIxWKhOSCG5VakrZ5kaScVR+snVJCFglD/hL3/677awtWcu4pXoWa280CDIYcBeg==",
      "requires": {
        "@inquirer/ansi": "^2.0.5",
        "@inquirer/core": "^11.1.10",
        "@inquirer/type": "^4.0.5"
      }
    },
    "@inquirer/prompts": {
      "version": "8.4.3",
      "resolved": "https://registry.npmjs.org/@inquirer/prompts/-/prompts-8.4.3.tgz",
      "integrity": "sha512-ai5LseTw9HhegupIgmo4cn7RpnCGznjjXu4OI+7jMR8vu7T1ZCCNMzFFAovUCjL1fl0cceksIN1++yQE59SmZw==",
      "requires": {
        "@inquirer/checkbox": "^5.1.5",
        "@inquirer/confirm": "^6.0.13",
        "@inquirer/editor": "^5.1.2",
        "@inquirer/expand": "^5.0.14",
        "@inquirer/input": "^5.0.13",
        "@inquirer/number": "^4.0.13",
        "@inquirer/password": "^5.0.13",
        "@inquirer/rawlist": "^5.2.9",
        "@inquirer/search": "^4.1.9",
        "@inquirer/select": "^5.1.5"
      }
    },
    "@inquirer/rawlist": {
      "version": "5.2.9",
      "resolved": "https://registry.npmjs.org/@inquirer/rawlist/-/rawlist-5.2.9.tgz",
      "integrity": "sha512-a1ErXEfgjfPYpyQ89dp+7n2IISjH9oQg3ygvF5adz8B7aHn4n2PjEgu1wpVTp69K3bj3lVLxP0qJ2b1clk1Whw==",
      "requires": {
        "@inquirer/core": "^11.1.10",
        "@inquirer/type": "^4.0.5"
      }
    },
    "@inquirer/search": {
      "version": "4.1.9",
      "resolved": "https://registry.npmjs.org/@inquirer/search/-/search-4.1.9.tgz",
      "integrity": "sha512-ZlbM28Q9lmLkFPNAIv+ZuY530n5Km8U1WW48oYEvDhe9yc2uL3m3t+JSdRUkQlk5fuIuskgiIVjcb7czFzQpuA==",
      "requires": {
        "@inquirer/core": "^11.1.10",
        "@inquirer/figures": "^2.0.5",
        "@inquirer/type": "^4.0.5"
      }
    },
    "@inquirer/select": {
      "version": "5.1.5",
      "resolved": "https://registry.npmjs.org/@inquirer/select/-/select-5.1.5.tgz",
      "integrity": "sha512-6SRg6kHfK/sjLXOsuqNebuir+sjwrf/iWuRUnXgB2slzEewppI1WfzeS16XxDcOQmXBruMmmB9Cgrz7wsAxqMg==",
      "requires": {
        "@inquirer/ansi": "^2.0.5",
        "@inquirer/core": "^11.1.10",
        "@inquirer/figures": "^2.0.5",
        "@inquirer/type": "^4.0.5"
      }
    },
    "@inquirer/type": {
      "version": "4.0.5",
      "resolved": "https://registry.npmjs.org/@inquirer/type/-/type-4.0.5.tgz",
      "integrity": "sha512-aetVUNeKNc/VriqXlw1NRSW0zhMBB0W4bNbWRJgzRl/3d0QNDQFfk0GO5SDdtjMZVg6o8ZKEiadd7SCCzoOn5Q=="
    },
    "@types/color-name": {
      "version": "1.1.1",
      "resolved": "https://registry.npmjs.org/@types/color-name/-/color-name-1.1.1.tgz",
      "integrity": "sha512-rr+OQyAjxze7GgWrSaJwydHStIhHq2lvY3BOC2Mj7KnzI7XK0Uw1TOOdI9lDoajEbSWLiYgoo4f1R51erQfhPQ=="
    },
    "ansi-styles": {
      "version": "4.2.1",
      "resolved": "https://registry.npmjs.org/ansi-styles/-/ansi-styles-4.2.1.tgz",
      "integrity": "sha512-9VGjrMsG1vePxcSweQsN20KY/c4zN0h9fLjqAbwbPfahM3t+NL+M9HC8xeXG2I8pX5NoamTGNuomEUFI7fcUjA==",
      "requires": {
        "@types/color-name": "^1.1.1",
        "color-convert": "^2.0.1"
      }
    },
    "balanced-match": {
      "version": "1.0.0",
      "resolved": "https://registry.npmjs.org/balanced-match/-/balanced-match-1.0.0.tgz",
      "integrity": "sha1-ibTRmasr7kneFk6gK4nORi1xt2c="
    },
    "brace-expansion": {
      "version": "1.1.11",
      "resolved": "https://registry.npmjs.org/brace-expansion/-/brace-expansion-1.1.11.tgz",
      "integrity": "sha512-iCuPHDFgrHX7H2vEI/5xpz07zSHB00TpugqhmYtVmMO6518mCuRMoOYFldEBl0g187ufozdaHgWKcYFb61qGiA==",
      "requires": {
        "balanced-match": "1.0.0",
        "concat-map": "0.0.1"
      }
    },
    "chalk": {
      "version": "4.0.0",
      "resolved": "https://registry.npmjs.org/chalk/-/chalk-4.0.0.tgz",
      "integrity": "sha512-N9oWFcegS0sFr9oh1oz2d7Npos6vNoWW9HvtCg5N1KRFpUhaAhvTv5Y58g880fZaEYSNm3qDz8SU1UrGvp+n7A==",
      "requires": {
        "ansi-styles": "^4.1.0",
        "supports-color": "^7.1.0"
      }
    },
    "chardet": {
      "version": "2.1.1",
      "resolved": "https://registry.npmjs.org/chardet/-/chardet-2.1.1.tgz",
      "integrity": "sha512-PsezH1rqdV9VvyNhxxOW32/d75r01NY7TQCmOqomRo15ZSOKbpTFVsfjghxo6JloQUCGnH4k1LGu0R4yCLlWQQ=="
    },
    "clear": {
      "version": "0.1.0",
      "resolved": "https://registry.npmjs.org/clear/-/clear-0.1.0.tgz",
      "integrity": "sha512-qMjRnoL+JDPJHeLePZJuao6+8orzHMGP04A8CdwCNsKhRbOnKRjefxONR7bwILT3MHecxKBjHkKL/tkZ8r4Uzw=="
    },
    "cli-width": {
      "version": "4.1.0",
      "resolved": "https://registry.npmjs.org/cli-width/-/cli-width-4.1.0.tgz",
      "integrity": "sha512-ouuZd4/dm2Sw5Gmqy6bGyNNNe1qt9RpmxveLSO7KcgsTnU7RXfsw+/bukWGo1abgBiMAic068rclZsO4IWmmxQ=="
    },
    "color-convert": {
      "version": "2.0.1",
      "resolved": "https://registry.npmjs.org/color-convert/-/color-convert-2.0.1.tgz",
      "integrity": "sha512-RRECPsj7iu/xb5oKYcsFHSppFNnsj/52OVTRKb4zP5onXwVF3zVmmToNcOfGC+CRDpfK/U584fMg38ZHCaElKQ==",
      "requires": {
        "color-name": "~1.1.4"
      }
    },
    "color-name": {
      "version": "1.1.4",
      "resolved": "https://registry.npmjs.org/color-name/-/color-name-1.1.4.tgz",
      "integrity": "sha512-dOy+3AuW3a2wNbZHIuMZpTcgjGuLU/uBL/ubcZF9OXbDo8ff4O8yVp5Bf0efS8uEoYo5q4Fx7dY9OgQGXgAsQA=="
    },
    "concat-map": {
      "version": "0.0.1",
      "resolved": "https://registry.npmjs.org/concat-map/-/concat-map-0.0.1.tgz",
      "integrity": "sha1-2Klr13/Wjfd5OnMDajug1UBdR3s="
    },
    "fast-string-truncated-width": {
      "version": "3.0.3",
      "resolved": "https://registry.npmjs.org/fast-string-truncated-width/-/fast-string-truncated-width-3.0.3.tgz",
      "integrity": "sha512-0jjjIEL6+0jag3l2XWWizO64/aZVtpiGE3t0Zgqxv0DPuxiMjvB3M24fCyhZUO4KomJQPj3LTSUnDP3GpdwC0g=="
    },
    "fast-string-width": {
      "version": "3.0.2",
      "resolved": "https://registry.npmjs.org/fast-string-width/-/fast-string-width-3.0.2.tgz",
      "integrity": "sha512-gX8LrtNEI5hq8DVUfRQMbr5lpaS4nMIWV+7XEbXk2b8kiQIizgnlr12B4dA3ZEx3308ze0O4Q1R+cHts8kyUJg==",
      "requires": {
        "fast-string-truncated-width": "^3.0.2"
      }
    },
    "fast-wrap-ansi": {
      "version": "0.2.0",
      "resolved": "https://registry.npmjs.org/fast-wrap-ansi/-/fast-wrap-ansi-0.2.0.tgz",
      "integrity": "sha512-rLV8JHxTyhVmFYhBJuMujcrHqOT2cnO5Zxj37qROj23CP39GXubJRBUFF0z8KFK77Uc0SukZUf7JZhsVEQ6n8w==",
      "requires": {
        "fast-string-width": "^3.0.2"
      }
    },
    "figlet": {
      "version": "1.2.0",
      "resolved": "https://registry.npmjs.org/figlet/-/figlet-1.2.0.tgz",
      "integrity": "sha1-bEZTc3j6tkkUa1phQ92gGbQwtBA="
    },
    "fs.realpath": {
      "version": "1.0.0",
      "resolved": "https://registry.npmjs.org/fs.realpath/-/fs.realpath-1.0.0.tgz",
      "integrity": "sha1-FQStJSMVjKpA20onh8sBQRmU6k8="
    },
    "glob": {
      "version": "7.1.2",
      "resolved": "https://registry.npmjs.org/glob/-/glob-7.1.2.tgz",
      "integrity": "sha512-MJTUg1kjuLeQCJ+ccE4Vpa6kKVXkPYJ2mOCQyUuKLcLQsdrMCpBPUi8qVE6+YuaJkozeA9NusTAw3hLr8Xe5EQ==",
      "requires": {
        "fs.realpath": "1.0.0",
        "inflight": "1.0.6",
        "inherits": "2.0.3",
        "minimatch": "3.0.4",
        "once": "1.4.0",
        "path-is-absolute": "1.0.1"
      }
    },
    "has-flag": {
      "version": "4.0.0",
      "resolved": "https://registry.npmjs.org/has-flag/-/has-flag-4.0.0.tgz",
      "integrity": "sha512-EykJT/Q1KjTWctppgIAgfSO0tKVuZUjhgMr17kqTumMl6Afv3EISleU7qZUzoXDFTAHTDC4NOoG/ZxU3EvlMPQ=="
    },
    "iconv-lite": {
      "version": "0.7.2",
      "resolved": "https://registry.npmjs.org/iconv-lite/-/iconv-lite-0.7.2.tgz",
      "integrity": "sha512-im9DjEDQ55s9fL4EYzOAv0yMqmMBSZp6G0VvFyTMPKWxiSBHUj9NW/qqLmXUwXrrM7AvqSlTCfvqRb0cM8yYqw==",
      "requires": {
        "safer-buffer": ">= 2.1.2 < 3.0.0"
      }
    },
    "inflight": {
      "version": "1.0.6",
      "resolved": "https://registry.npmjs.org/inflight/-/inflight-1.0.6.tgz",
      "integrity": "sha1-Sb1jMdfQLQwJvJEKEHW6gWW1bfk=",
      "requires": {
        "once": "1.4.0",
        "wrappy": "1.0.2"
      }
    },
    "inherits": {
      "version": "2.0.3",
      "resolved": "https://registry.npmjs.org/inherits/-/inherits-2.0.3.tgz",
      "integrity": "sha1-Yzwsg+PaQqUC9SRmAiSA9CCCYd4="
    },
    "inquirer": {
      "version": "13.4.3",
      "resolved": "https://registry.npmjs.org/inquirer/-/inquirer-13.4.3.tgz",
      "integrity": "sha512-EPd3IqieHSavSOXh+LZhrIkdQcOELWeRblLT6kslQr+cF9XTh/HxZdSt1YkHH1iq4dvqBnV42uwg2YlorgOy6g==",
      "requires": {
        "@inquirer/ansi": "^2.0.5",
        "@inquirer/core": "^11.1.10",
        "@inquirer/prompts": "^8.4.3",
        "@inquirer/type": "^4.0.5",
        "mute-stream": "^3.0.0",
        "run-async": "^4.0.6",
        "rxjs": "^7.8.2"
      }
    },
    "is-directory": {
      "version": "0.3.1",
      "resolved": "https://registry.npmjs.org/is-directory/-/is-directory-0.3.1.tgz",
      "integrity": "sha1-YTObbyR1/Hcv2cnYP1yFddwVSuE="
    },
    "is-file": {
      "version": "1.0.0",
      "resolved": "https://registry.npmjs.org/is-file/-/is-file-1.0.0.tgz",
      "integrity": "sha1-KKRM+9nT2xkwRfIrZfzo7fliBZY="
    },
    "lodash": {
      "version": "4.17.21",
      "resolved": "https://registry.npmjs.org/lodash/-/lodash-4.17.21.tgz",
      "integrity": "sha512-v2kDEe57lecTulaDIuNTPy3Ry4gLGJ6Z1O3vE1krgXZNrsQ+LFTGHVxVjcXPs17LhbZVGedAJv8XZ1tvj5FvSg=="
    },
    "minimatch": {
      "version": "3.0.4",
      "resolved": "https://registry.npmjs.org/minimatch/-/minimatch-3.0.4.tgz",
      "integrity": "sha512-yJHVQEhyqPLUTgt9B83PXu6W3rx4MvvHvSUvToogpwoGDOUQ+yDrR0HRot+yOCdCO7u4hX3pWft6kWBBcqh0UA==",
      "requires": {
        "brace-expansion": "1.1.11"
      }
    },
    "mute-stream": {
      "version": "3.0.0",
      "resolved": "https://registry.npmjs.org/mute-stream/-/mute-stream-3.0.0.tgz",
      "integrity": "sha512-dkEJPVvun4FryqBmZ5KhDo0K9iDXAwn08tMLDinNdRBNPcYEDiWYysLcc6k3mjTMlbP9KyylvRpd4wFtwrT9rw=="
    },
    "node-find-folder": {
      "version": "0.1.32",
      "resolved": "https://registry.npmjs.org/node-find-folder/-/node-find-folder-0.1.32.tgz",
      "integrity": "sha1-pq+AoQRR+9zyHiofYGpwK5JHidU=",
      "requires": {
        "glob": "7.1.2",
        "is-directory": "0.3.1",
        "is-file": "1.0.0",
        "lodash": "4.17.21"
      }
    },
    "once": {
      "version": "1.4.0",
      "resolved": "https://registry.npmjs.org/once/-/once-1.4.0.tgz",
      "integrity": "sha1-WDsap3WWHUsROsF9nFC6753Xa9E=",
      "requires": {
        "wrappy": "1.0.2"
      }
    },
    "path-is-absolute": {
      "version": "1.0.1",
      "resolved": "https://registry.npmjs.org/path-is-absolute/-/path-is-absolute-1.0.1.tgz",
      "integrity": "sha1-F0uSaHNVNP+8es5r9TpanhtcX18="
    },
    "run-async": {
      "version": "4.0.6",
      "resolved": "https://registry.npmjs.org/run-async/-/run-async-4.0.6.tgz",
      "integrity": "sha512-IoDlSLTs3Yq593mb3ZoKWKXMNu3UpObxhgA/Xuid5p4bbfi2jdY1Hj0m1K+0/tEuQTxIGMhQDqGjKb7RuxGpAQ=="
    },
    "rxjs": {
      "version": "7.8.2",
      "resolved": "https://registry.npmjs.org/rxjs/-/rxjs-7.8.2.tgz",
      "integrity": "sha512-dhKf903U/PQZY6boNNtAGdWbG85WAbjT/1xYoZIC7FAY0yWapOBQVsVrDl58W86//e1VpMNBtRV4MaXfdMySFA==",
      "requires": {
        "tslib": "^2.1.0"
      }
    },
    "safer-buffer": {
      "version": "2.1.2",
      "resolved": "https://registry.npmjs.org/safer-buffer/-/safer-buffer-2.1.2.tgz",
      "integrity": "sha512-YZo3K82SD7Riyi0E1EQPojLz7kpepnSQI9IyPbHHg1XXXevb5dJI7tpyN2ADxGcQbHG7vcyRHk0cbwqcQriUtg=="
    },
    "signal-exit": {
      "version": "4.1.0",
      "resolved": "https://registry.npmjs.org/signal-exit/-/signal-exit-4.1.0.tgz",
      "integrity": "sha512-bzyZ1e88w9O1iNJbKnOlvYTrWPDl46O1bG0D3XInv+9tkPrxrN8jUUTiFlDkkmKWgn1M6CfIA13SuGqOa9Korw=="
    },
    "supports-color": {
      "version": "7.1.0",
      "resolved": "https://registry.npmjs.org/supports-color/-/supports-color-7.1.0.tgz",
      "integrity": "sha512-oRSIpR8pxT1Wr2FquTNnGet79b3BWljqOuoW/h4oBhxJ/HUbX5nX6JSruTkvXDCFMwDPvsaTTbvMLKZWSy0R5g==",
      "requires": {
        "has-flag": "^4.0.0"
      }
    },
    "tslib": {
      "version": "2.8.1",
      "resolved": "https://registry.npmjs.org/tslib/-/tslib-2.8.1.tgz",
      "integrity": "sha512-oJFu94HQb+KVduSUQL7wnpmqnfmLsOA/nAh6b6EH0wCEoK0/mPeXU6c3wKDV83MkOuHPRHtSXKKU99IBazS/2w=="
    },
    "wrappy": {
      "version": "1.0.2",
      "resolved": "https://registry.npmjs.org/wrappy/-/wrappy-1.0.2.tgz",
      "integrity": "sha1-tSQ9jz7BqjXxNkYFvA0QNuMKtp8="
    }
  }
}
